
Microsoft Visual Studio Solution File, Format Version 12.00
# Visual Studio Version 17
VisualStudioVersion = 17.5.33516.290
MinimumVisualStudioVersion = 10.0.40219.1
Project("{9A19103F-16F7-4668-BE54-9A1E7A4F7556}") = "BuildUtility", "BuildUtility\BuildUtility.csproj", "{8C1788FF-A7F6-42DC-BD67-37ADB4CC9312}"
EndProject
Global
	GlobalSection(SolutionConfigurationPlatforms) = preSolution
		Debug|Any CPU = Debug|Any CPU
		Release|Any CPU = Release|Any CPU
	EndGlobalSection
	GlobalSection(ProjectConfigurationPlatforms) = postSolution
		{8C1788FF-A7F6-42DC-BD67-37ADB4CC9312}.Debug|Any CPU.ActiveCfg = Debug|Any CPU
		{8C1788FF-A7F6-42DC-BD67-37ADB4CC9312}.Debug|Any CPU.Build.0 = Debug|Any CPU
		{8C1788FF-A7F6-42DC-BD67-37ADB4CC9312}.Release|Any CPU.ActiveCfg = Release|Any CPU
		{8C1788FF-A7F6-42DC-BD67-37ADB4CC9312}.Release|Any CPU.Build.0 = Release|Any CPU
	EndGlobalSection
	GlobalSection(SolutionProperties) = preSolution
		HideSolutionNode = FALSE
	EndGlobalSection
	GlobalSection(ExtensibilityGlobals) = postSolution
		SolutionGuid = {59422A9E-C9EF-474E-ACB5-8812D00FBD5A}
	EndGlobalSection
EndGlobal
